{
  "configuration": {
    "provider_config": {
      "aws": {
        "expressions": {
          "profile": {
            "references": [
              "var.profile"
            ]
          },
          "region": {
            "references": [
              "var.region"
            ]
          }
        },
        "name": "aws",
        "version_constraint": "~> 3.73.0"
      }
    },
    "root_module": {
      "outputs": {
        "aws_instance_id": {
          "expression": {
            "references": [
              "aws_instance.web.id",
              "aws_instance.web"
            ]
          }
        }
      },
      "resources": [
        {
          "address": "aws_instance.web",
          "expressions": {
            "ami": {
              "references": [
                "data.aws_ami.ubuntu.id",
                "data.aws_ami.ubuntu"
              ]
            },
            "instance_type": {
              "references": [
                "var.instance_type"
              ]
            },
            "tags": {
              "references": [
                "var.tags"
              ]
            }
          },
          "mode": "managed",
          "name": "web",
          "provider_config_key": "aws",
          "schema_version": 1,
          "type": "aws_instance"
        },
        {
          "address": "data.aws_ami.ubuntu",
          "expressions": {
            "filter": [
              {
                "name": {
                  "constant_value": "name"
                },
                "values": {
                  "constant_value": [
                    "ubuntu/images/hvm-ssd/ubuntu-focal-20.04-amd64-server-*"
                  ]
                }
              },
              {
                "name": {
                  "constant_value": "virtualization-type"
                },
                "values": {
                  "constant_value": [
                    "hvm"
                  ]
                }
              }
            ],
            "most_recent": {
              "constant_value": true
            },
            "owners": {
              "constant_value": [
                "099720109477"
              ]
            }
          },
          "mode": "data",
          "name": "ubuntu",
          "provider_config_key": "aws",
          "schema_version": 0,
          "type": "aws_ami"
        }
      ],
      "variables": {
        "instance_type": {
          "default": "t3.micro"
        },
        "profile": {
          "default": "lu-vumc-devops"
        },
        "region": {
          "default": "us-west-2"
        },
        "tags": {
          "default": {
            "Environment": "Development",
            "Name": "HelloWorld",
            "Product": "Website"
          }
        }
      }
    }
  },
  "format_version": "1.0",
  "output_changes": {
    "aws_instance_id": {
      "actions": [
        "create"
      ],
      "after_sensitive": false,
      "after_unknown": true,
      "before": null,
      "before_sensitive": false
    }
  },
  "planned_values": {
    "outputs": {
      "aws_instance_id": {
        "sensitive": false
      }
    },
    "root_module": {
      "resources": [
        {
          "address": "aws_instance.web",
          "mode": "managed",
          "name": "web",
          "provider_name": "registry.terraform.io/hashicorp/aws",
          "schema_version": 1,
          "sensitive_values": {
            "capacity_reservation_specification": [],
            "credit_specification": [],
            "ebs_block_device": [],
            "enclave_options": [],
            "ephemeral_block_device": [],
            "ipv6_addresses": [],
            "launch_template": [],
            "metadata_options": [],
            "network_interface": [],
            "root_block_device": [],
            "secondary_private_ips": [],
            "security_groups": [],
            "tags": {},
            "tags_all": {},
            "vpc_security_group_ids": []
          },
          "type": "aws_instance",
          "values": {
            "ami": "ami-0cb4e786f15603b0d",
            "credit_specification": [],
            "get_password_data": false,
            "hibernation": null,
            "iam_instance_profile": null,
            "instance_type": "t3.micro",
            "launch_template": [],
            "source_dest_check": true,
            "tags": {
              "Environment": "Development",
              "Name": "HelloWorld",
              "Product": "Website"
            },
            "tags_all": {
              "Environment": "Development",
              "Name": "HelloWorld",
              "Product": "Website"
            },
            "timeouts": null,
            "volume_tags": null
          }
        }
      ]
    }
  },
  "prior_state": {
    "format_version": "1.0",
    "terraform_version": "1.1.8",
    "values": {
      "root_module": {
        "resources": [
          {
            "address": "data.aws_ami.ubuntu",
            "mode": "data",
            "name": "ubuntu",
            "provider_name": "registry.terraform.io/hashicorp/aws",
            "schema_version": 0,
            "sensitive_values": {
              "block_device_mappings": [
                {
                  "ebs": {}
                },
                {
                  "ebs": {}
                },
                {
                  "ebs": {}
                }
              ],
              "filter": [
                {
                  "values": [
                    false
                  ]
                },
                {
                  "values": [
                    false
                  ]
                }
              ],
              "owners": [
                false
              ],
              "product_codes": [],
              "state_reason": {},
              "tags": {}
            },
            "type": "aws_ami",
            "values": {
              "architecture": "x86_64",
              "arn": "arn:aws:ec2:us-west-2::image/ami-0cb4e786f15603b0d",
              "block_device_mappings": [
                {
                  "device_name": "/dev/sda1",
                  "ebs": {
                    "delete_on_termination": "true",
                    "encrypted": "false",
                    "iops": "0",
                    "snapshot_id": "snap-09a162032cfa2511e",
                    "throughput": "0",
                    "volume_size": "8",
                    "volume_type": "gp2"
                  },
                  "no_device": "",
                  "virtual_name": ""
                },
                {
                  "device_name": "/dev/sdb",
                  "ebs": {},
                  "no_device": "",
                  "virtual_name": "ephemeral0"
                },
                {
                  "device_name": "/dev/sdc",
                  "ebs": {},
                  "no_device": "",
                  "virtual_name": "ephemeral1"
                }
              ],
              "creation_date": "2022-04-19T21:02:56.000Z",
              "description": "Canonical, Ubuntu, 20.04 LTS, amd64 focal image build on 2022-04-19",
              "ena_support": true,
              "executable_users": null,
              "filter": [
                {
                  "name": "name",
                  "values": [
                    "ubuntu/images/hvm-ssd/ubuntu-focal-20.04-amd64-server-*"
                  ]
                },
                {
                  "name": "virtualization-type",
                  "values": [
                    "hvm"
                  ]
                }
              ],
              "hypervisor": "xen",
              "id": "ami-0cb4e786f15603b0d",
              "image_id": "ami-0cb4e786f15603b0d",
              "image_location": "099720109477/ubuntu/images/hvm-ssd/ubuntu-focal-20.04-amd64-server-20220419",
              "image_owner_alias": null,
              "image_type": "machine",
              "kernel_id": null,
              "most_recent": true,
              "name": "ubuntu/images/hvm-ssd/ubuntu-focal-20.04-amd64-server-20220419",
              "name_regex": null,
              "owner_id": "099720109477",
              "owners": [
                "099720109477"
              ],
              "platform": null,
              "platform_details": "Linux/UNIX",
              "product_codes": [],
              "public": true,
              "ramdisk_id": null,
              "root_device_name": "/dev/sda1",
              "root_device_type": "ebs",
              "root_snapshot_id": "snap-09a162032cfa2511e",
              "sriov_net_support": "simple",
              "state": "available",
              "state_reason": {
                "code": "UNSET",
                "message": "UNSET"
              },
              "tags": {},
              "usage_operation": "RunInstances",
              "virtualization_type": "hvm"
            }
          }
        ]
      }
    }
  },
  "resource_changes": [
    {
      "address": "aws_instance.web",
      "change": {
        "actions": [
          "create"
        ],
        "after": {
          "ami": "ami-0cb4e786f15603b0d",
          "credit_specification": [],
          "get_password_data": false,
          "hibernation": null,
          "iam_instance_profile": null,
          "instance_type": "t3.micro",
          "launch_template": [],
          "source_dest_check": true,
          "tags": {
            "Environment": "Development",
            "Name": "HelloWorld",
            "Product": "Website"
          },
          "tags_all": {
            "Environment": "Development",
            "Name": "HelloWorld",
            "Product": "Website"
          },
          "timeouts": null,
          "volume_tags": null
        },
        "after_sensitive": {
          "capacity_reservation_specification": [],
          "credit_specification": [],
          "ebs_block_device": [],
          "enclave_options": [],
          "ephemeral_block_device": [],
          "ipv6_addresses": [],
          "launch_template": [],
          "metadata_options": [],
          "network_interface": [],
          "root_block_device": [],
          "secondary_private_ips": [],
          "security_groups": [],
          "tags": {},
          "tags_all": {},
          "vpc_security_group_ids": []
        },
        "after_unknown": {
          "arn": true,
          "associate_public_ip_address": true,
          "availability_zone": true,
          "capacity_reservation_specification": true,
          "cpu_core_count": true,
          "cpu_threads_per_core": true,
          "credit_specification": [],
          "disable_api_termination": true,
          "ebs_block_device": true,
          "ebs_optimized": true,
          "enclave_options": true,
          "ephemeral_block_device": true,
          "host_id": true,
          "id": true,
          "instance_initiated_shutdown_behavior": true,
          "instance_state": true,
          "ipv6_address_count": true,
          "ipv6_addresses": true,
          "key_name": true,
          "launch_template": [],
          "metadata_options": true,
          "monitoring": true,
          "network_interface": true,
          "outpost_arn": true,
          "password_data": true,
          "placement_group": true,
          "placement_partition_number": true,
          "primary_network_interface_id": true,
          "private_dns": true,
          "private_ip": true,
          "public_dns": true,
          "public_ip": true,
          "root_block_device": true,
          "secondary_private_ips": true,
          "security_groups": true,
          "subnet_id": true,
          "tags": {},
          "tags_all": {},
          "tenancy": true,
          "user_data": true,
          "user_data_base64": true,
          "vpc_security_group_ids": true
        },
        "before": null,
        "before_sensitive": false
      },
      "mode": "managed",
      "name": "web",
      "provider_name": "registry.terraform.io/hashicorp/aws",
      "type": "aws_instance"
    }
  ],
  "terraform_version": "1.1.8",
  "variables": {
    "instance_type": {
      "value": "t3.micro"
    },
    "profile": {
      "value": "lu-vumc-devops"
    },
    "region": {
      "value": "us-west-2"
    },
    "tags": {
      "value": {
        "Environment": "Development",
        "Name": "HelloWorld",
        "Product": "Website"
      }
    }
  }
}
